
Microsoft Visual Studio Solution File, Format Version 12.00
# Visual Studio 15
VisualStudioVersion = 15.0.28307.168
MinimumVisualStudioVersion = 10.0.40219.1
Project("{2150E333-8FDC-42A3-9474-1A3956D46DE8}") = "src", "src", "{810EAF51-282D-486D-B4E4-623C43647397}"
EndProject
Project("{2150E333-8FDC-42A3-9474-1A3956D46DE8}") = "Core", "Core", "{373F11F3-9C40-43A9-AB47-598580C73BEE}"
EndProject
Project("{2150E333-8FDC-42A3-9474-1A3956D46DE8}") = "Data", "Data", "{3165822C-58ED-404D-9E77-6253A309899A}"
EndProject
Project("{2150E333-8FDC-42A3-9474-1A3956D46DE8}") = "Common", "Common", "{1BD06665-5FED-4D9E-82D1-D92D811A73A7}"
EndProject
Project("{2150E333-8FDC-42A3-9474-1A3956D46DE8}") = "Server", "Server", "{5A139EA2-9D0D-4CB8-B361-550E442248D1}"
EndProject
Project("{2150E333-8FDC-42A3-9474-1A3956D46DE8}") = "Client", "Client", "{41B9E376-EAAC-4DDC-B39B-397211634156}"
EndProject
Project("{9A19103F-16F7-4668-BE54-9A1E7A4F7556}") = "GraduateWork.Server.AspNetCore", "src\Server\GraduateWork.Server.AspNetCore\GraduateWork.Server.AspNetCore.csproj", "{7849C6B2-74AA-4E25-892D-0A7E3DF866FB}"
EndProject
Project("{FAE04EC0-301F-11D3-BF4B-00C04F79EFBC}") = "GraduateWork.Client.Wpf", "src\Client\GraduateWork.Client.Wpf\GraduateWork.Client.Wpf.csproj", "{EB441BF9-CCEC-449B-960B-9C9F7B04E5BB}"
EndProject
Project("{9A19103F-16F7-4668-BE54-9A1E7A4F7556}") = "GraduateWork.Server.Common", "GraduateWork.Server.Common\GraduateWork.Server.Common.csproj", "{B9860A03-B419-42A5-8329-B43E980F3161}"
EndProject
Project("{9A19103F-16F7-4668-BE54-9A1E7A4F7556}") = "GraduateWork.Server.Core", "GraduateWork.Server.Core\GraduateWork.Server.Core.csproj", "{54BE9F63-4F9A-4901-84B9-305C9AF04591}"
EndProject
Project("{9A19103F-16F7-4668-BE54-9A1E7A4F7556}") = "GraduateWork.Server.Data", "GraduateWork.Server.Data\GraduateWork.Server.Data.csproj", "{8E7D4387-6854-4A6F-ACAC-F4C768B6BA9E}"
EndProject
Project("{2150E333-8FDC-42A3-9474-1A3956D46DE8}") = "Common", "Common", "{E8357382-1044-44C8-8E13-67277E8FAE03}"
EndProject
Project("{FAE04EC0-301F-11D3-BF4B-00C04F79EFBC}") = "GraduateWork.Common.CommonProject", "GraduateWork.Common.CommonProject\GraduateWork.Common.CommonProject.csproj", "{E45437D9-2D1D-4D0C-8D0B-0C2C0E328575}"
EndProject
Global
	GlobalSection(SolutionConfigurationPlatforms) = preSolution
		Debug|Any CPU = Debug|Any CPU
		Release|Any CPU = Release|Any CPU
	EndGlobalSection
	GlobalSection(ProjectConfigurationPlatforms) = postSolution
		{7849C6B2-74AA-4E25-892D-0A7E3DF866FB}.Debug|Any CPU.ActiveCfg = Debug|Any CPU
		{7849C6B2-74AA-4E25-892D-0A7E3DF866FB}.Debug|Any CPU.Build.0 = Debug|Any CPU
		{7849C6B2-74AA-4E25-892D-0A7E3DF866FB}.Release|Any CPU.ActiveCfg = Release|Any CPU
		{7849C6B2-74AA-4E25-892D-0A7E3DF866FB}.Release|Any CPU.Build.0 = Release|Any CPU
		{EB441BF9-CCEC-449B-960B-9C9F7B04E5BB}.Debug|Any CPU.ActiveCfg = Debug|Any CPU
		{EB441BF9-CCEC-449B-960B-9C9F7B04E5BB}.Debug|Any CPU.Build.0 = Debug|Any CPU
		{EB441BF9-CCEC-449B-960B-9C9F7B04E5BB}.Release|Any CPU.ActiveCfg = Release|Any CPU
		{EB441BF9-CCEC-449B-960B-9C9F7B04E5BB}.Release|Any CPU.Build.0 = Release|Any CPU
		{B9860A03-B419-42A5-8329-B43E980F3161}.Debug|Any CPU.ActiveCfg = Debug|Any CPU
		{B9860A03-B419-42A5-8329-B43E980F3161}.Debug|Any CPU.Build.0 = Debug|Any CPU
		{B9860A03-B419-42A5-8329-B43E980F3161}.Release|Any CPU.ActiveCfg = Release|Any CPU
		{B9860A03-B419-42A5-8329-B43E980F3161}.Release|Any CPU.Build.0 = Release|Any CPU
		{54BE9F63-4F9A-4901-84B9-305C9AF04591}.Debug|Any CPU.ActiveCfg = Debug|Any CPU
		{54BE9F63-4F9A-4901-84B9-305C9AF04591}.Debug|Any CPU.Build.0 = Debug|Any CPU
		{54BE9F63-4F9A-4901-84B9-305C9AF04591}.Release|Any CPU.ActiveCfg = Release|Any CPU
		{54BE9F63-4F9A-4901-84B9-305C9AF04591}.Release|Any CPU.Build.0 = Release|Any CPU
		{8E7D4387-6854-4A6F-ACAC-F4C768B6BA9E}.Debug|Any CPU.ActiveCfg = Debug|Any CPU
		{8E7D4387-6854-4A6F-ACAC-F4C768B6BA9E}.Debug|Any CPU.Build.0 = Debug|Any CPU
		{8E7D4387-6854-4A6F-ACAC-F4C768B6BA9E}.Release|Any CPU.ActiveCfg = Release|Any CPU
		{8E7D4387-6854-4A6F-ACAC-F4C768B6BA9E}.Release|Any CPU.Build.0 = Release|Any CPU
		{E45437D9-2D1D-4D0C-8D0B-0C2C0E328575}.Debug|Any CPU.ActiveCfg = Debug|Any CPU
		{E45437D9-2D1D-4D0C-8D0B-0C2C0E328575}.Debug|Any CPU.Build.0 = Debug|Any CPU
		{E45437D9-2D1D-4D0C-8D0B-0C2C0E328575}.Release|Any CPU.ActiveCfg = Release|Any CPU
		{E45437D9-2D1D-4D0C-8D0B-0C2C0E328575}.Release|Any CPU.Build.0 = Release|Any CPU
	EndGlobalSection
	GlobalSection(SolutionProperties) = preSolution
		HideSolutionNode = FALSE
	EndGlobalSection
	GlobalSection(NestedProjects) = preSolution
		{373F11F3-9C40-43A9-AB47-598580C73BEE} = {5A139EA2-9D0D-4CB8-B361-550E442248D1}
		{3165822C-58ED-404D-9E77-6253A309899A} = {5A139EA2-9D0D-4CB8-B361-550E442248D1}
		{1BD06665-5FED-4D9E-82D1-D92D811A73A7} = {5A139EA2-9D0D-4CB8-B361-550E442248D1}
		{5A139EA2-9D0D-4CB8-B361-550E442248D1} = {810EAF51-282D-486D-B4E4-623C43647397}
		{41B9E376-EAAC-4DDC-B39B-397211634156} = {810EAF51-282D-486D-B4E4-623C43647397}
		{7849C6B2-74AA-4E25-892D-0A7E3DF866FB} = {5A139EA2-9D0D-4CB8-B361-550E442248D1}
		{EB441BF9-CCEC-449B-960B-9C9F7B04E5BB} = {41B9E376-EAAC-4DDC-B39B-397211634156}
		{B9860A03-B419-42A5-8329-B43E980F3161} = {1BD06665-5FED-4D9E-82D1-D92D811A73A7}
		{54BE9F63-4F9A-4901-84B9-305C9AF04591} = {373F11F3-9C40-43A9-AB47-598580C73BEE}
		{8E7D4387-6854-4A6F-ACAC-F4C768B6BA9E} = {3165822C-58ED-404D-9E77-6253A309899A}
		{E45437D9-2D1D-4D0C-8D0B-0C2C0E328575} = {E8357382-1044-44C8-8E13-67277E8FAE03}
	EndGlobalSection
	GlobalSection(ExtensibilityGlobals) = postSolution
		SolutionGuid = {9B8AE3D1-67A8-44BA-93EE-B672A93DD350}
	EndGlobalSection
EndGlobal
